{
  "name": "h5.main",
  "version": "1.0.1",
  "lockfileVersion": 1,
  "requires": true,
  "dependencies": {
    "h5.pubsub": {
      "version": "0.1.0",
      "resolved": "https://registry.npmjs.org/h5.pubsub/-/h5.pubsub-0.1.0.tgz",
      "integrity": "sha512-M3q0yPl6k0rxza9AOSJ9HoW3Vx5U3PdwaEm2i3W57tF2XhZYDPWZK4yx6Tj29nJE5i37r6cxC6aC5dn9beYnhQ=="
    },
    "h5.step": {
      "version": "0.1.0",
      "resolved": "https://registry.npmjs.org/h5.step/-/h5.step-0.1.0.tgz",
      "integrity": "sha1-PUv446mpsuGSxoVdgMn1927u/Gw="
    }
  }
}
